// !$*UTF8*$!
{
	archiveVersion = 1;
	classes = {
	};
	objectVersion = 77;
	objects = {

/* Begin PBXFileReference section */
		0B094B852FCA43180084137F /* Come Back to.txt */ = {isa = PBXFileReference; lastKnownFileType = sourcecode.swift; path = "Come Back to.txt"; sourceTree = "<group>"; };
		0B095ECA2FC7771800F62FCA /* iOS Interview Guide.md */ = {isa = PBXFileReference; lastKnownFileType = net.daringfireball.markdown; path = "iOS Interview Guide.md"; sourceTree = "<group>"; };
		0B3AF6592FBF73AC00570C80 /* Leet Code Guide.md */ = {isa = PBXFileReference; lastKnownFileType = net.daringfireball.markdown; path = "Leet Code Guide.md"; sourceTree = "<group>"; };
		0B59891E2FD223DF002D4C9B /* Git.md */ = {isa = PBXFileReference; lastKnownFileType = net.daringfireball.markdown; path = Git.md; sourceTree = "<group>"; };
		0B8473112FBB9D0D00EDAC20 /* To learn.swift */ = {isa = PBXFileReference; lastKnownFileType = sourcecode.swift; path = "To learn.swift"; sourceTree = "<group>"; };
/* End PBXFileReference section */

/* Begin PBXFileSystemSynchronizedRootGroup section */
		0B094B862FCA43330084137F /* Trees */ = {
			isa = PBXFileSystemSynchronizedRootGroup;
			path = Trees;
			sourceTree = "<group>";
		};
		0B0960962FE3547200E9D95A /* Bit */ = {
			isa = PBXFileSystemSynchronizedRootGroup;
			path = Bit;
			sourceTree = "<group>";
		};
		0B3AF6652FC0BD4200570C80 /* Arrays & Hashing */ = {
			isa = PBXFileSystemSynchronizedRootGroup;
			path = "Arrays & Hashing";
			sourceTree = "<group>";
		};
		0B6528322FCF571900991E5E /* Binary Search */ = {
			isa = PBXFileSystemSynchronizedRootGroup;
			path = "Binary Search";
			sourceTree = "<group>";
		};
		0B84730F2FBB842D00EDAC20 /* Sliding Window */ = {
			isa = PBXFileSystemSynchronizedRootGroup;
			path = "Sliding Window";
			sourceTree = "<group>";
		};
		0B8473132FBB9EF100EDAC20 /* Two Pointers */ = {
			isa = PBXFileSystemSynchronizedRootGroup;
			path = "Two Pointers";
			sourceTree = "<group>";
		};
		0B8473162FBB9F1000EDAC20 /* Stack */ = {
			isa = PBXFileSystemSynchronizedRootGroup;
			path = Stack;
			sourceTree = "<group>";
		};
		0B8816EE2FC3A07000395C15 /* Linked Lists */ = {
			isa = PBXFileSystemSynchronizedRootGroup;
			path = "Linked Lists";
			sourceTree = "<group>";
		};
		0BE02A9A2FF3222000AF9521 /* 1-DP */ = {
			isa = PBXFileSystemSynchronizedRootGroup;
			path = "1-DP";
			sourceTree = "<group>";
		};
		0BE279E02FEB309300266E76 /* Back Tracking */ = {
			isa = PBXFileSystemSynchronizedRootGroup;
			path = "Back Tracking";
			sourceTree = "<group>";
		};
/* End PBXFileSystemSynchronizedRootGroup section */

/* Begin PBXGroup section */
		0B8473082FBB842300EDAC20 = {
			isa = PBXGroup;
			children = (
				0B59891E2FD223DF002D4C9B /* Git.md */,
				0B095ECA2FC7771800F62FCA /* iOS Interview Guide.md */,
				0B3AF6592FBF73AC00570C80 /* Leet Code Guide.md */,
				0B8473112FBB9D0D00EDAC20 /* To learn.swift */,
				0B094B852FCA43180084137F /* Come Back to.txt */,
				0BE02A9A2FF3222000AF9521 /* 1-DP */,
				0B3AF6652FC0BD4200570C80 /* Arrays & Hashing */,
				0BE279E02FEB309300266E76 /* Back Tracking */,
				0B6528322FCF571900991E5E /* Binary Search */,
				0B0960962FE3547200E9D95A /* Bit */,
				0B8816EE2FC3A07000395C15 /* Linked Lists */,
				0B84730F2FBB842D00EDAC20 /* Sliding Window */,
				0B8473162FBB9F1000EDAC20 /* Stack */,
				0B094B862FCA43330084137F /* Trees */,
				0B8473132FBB9EF100EDAC20 /* Two Pointers */,
			);
			sourceTree = "<group>";
		};
/* End PBXGroup section */

/* Begin PBXProject section */
		0B8473092FBB842300EDAC20 /* Project object */ = {
			isa = PBXProject;
			attributes = {
				BuildIndependentTargetsInParallel = 1;
				LastUpgradeCheck = 2600;
			};
			buildConfigurationList = 0B84730C2FBB842300EDAC20 /* Build configuration list for PBXProject "NeetCode" */;
			developmentRegion = en;
			hasScannedForEncodings = 0;
			knownRegions = (
				en,
				Base,
			);
			mainGroup = 0B8473082FBB842300EDAC20;
			minimizedProjectReferenceProxies = 1;
			preferredProjectObjectVersion = 77;
			projectDirPath = "";
			projectRoot = "";
			targets = (
			);
		};
/* End PBXProject section */

/* Begin XCBuildConfiguration section */
		0B84730D2FBB842300EDAC20 /* Debug */ = {
			isa = XCBuildConfiguration;
			buildSettings = {
				DEVELOPMENT_TEAM = UYX853L96M;
			};
			name = Debug;
		};
		0B84730E2FBB842300EDAC20 /* Release */ = {
			isa = XCBuildConfiguration;
			buildSettings = {
				DEVELOPMENT_TEAM = UYX853L96M;
			};
			name = Release;
		};
/* End XCBuildConfiguration section */

/* Begin XCConfigurationList section */
		0B84730C2FBB842300EDAC20 /* Build configuration list for PBXProject "NeetCode" */ = {
			isa = XCConfigurationList;
			buildConfigurations = (
				0B84730D2FBB842300EDAC20 /* Debug */,
				0B84730E2FBB842300EDAC20 /* Release */,
			);
			defaultConfigurationIsVisible = 0;
			defaultConfigurationName = Release;
		};
/* End XCConfigurationList section */
	};
	rootObject = 0B8473092FBB842300EDAC20 /* Project object */;
}
